
Microsoft Visual Studio Solution File, Format Version 12.00
# Visual Studio Version 16
VisualStudioVersion = 16.0.29215.179
MinimumVisualStudioVersion = 10.0.40219.1
Project("{2150E333-8FDC-42A3-9474-1A3956D46DE8}") = "Core-Nuget", "Core-Nuget", "{B0E410E9-B0DA-4ECD-A632-5395BD45078C}"
EndProject
Project("{2150E333-8FDC-42A3-9474-1A3956D46DE8}") = "WebApis", "WebApis", "{20473F00-C684-49CA-92AB-B5D2CEE12B9D}"
EndProject
Project("{9A19103F-16F7-4668-BE54-9A1E7A4F7556}") = "LetPortal.Identity", "LetPortal.Identity\LetPortal.Identity.csproj", "{0C8BA5A4-B88D-49C6-A727-94CDB2E4040B}"
EndProject
Project("{9A19103F-16F7-4668-BE54-9A1E7A4F7556}") = "LetPortal.Core", "LetPortal.Core\LetPortal.Core.csproj", "{B1B39482-5D50-4EF3-9716-24688F4AFD6A}"
EndProject
Project("{9A19103F-16F7-4668-BE54-9A1E7A4F7556}") = "LetPortal.Portal", "LetPortal.Portal\LetPortal.Portal.csproj", "{79B71987-C62C-4BDE-8A0E-E0830BD81BD1}"
EndProject
Project("{2150E333-8FDC-42A3-9474-1A3956D46DE8}") = "Features", "Features", "{FCDBA824-B82A-4688-BF14-FF866A0B25C3}"
EndProject
Project("{2150E333-8FDC-42A3-9474-1A3956D46DE8}") = "Tools", "Tools", "{C0B07BA7-A9AA-42C7-998B-3B94A9865E74}"
EndProject
Project("{9A19103F-16F7-4668-BE54-9A1E7A4F7556}") = "LetPortal.Tools", "LetPortal.Tools\LetPortal.Tools.csproj", "{E59307FD-3CE2-4F35-AEFA-E929DFEB7F65}"
EndProject
Project("{9A19103F-16F7-4668-BE54-9A1E7A4F7556}") = "LetPortal.Versions", "LetPortal.Versions\LetPortal.Versions.csproj", "{4EC699C2-C403-4FB4-918E-ADF280E47245}"
EndProject
Project("{2150E333-8FDC-42A3-9474-1A3956D46DE8}") = "Tests", "Tests", "{6374B681-D6A6-4E7A-8DF1-DDBE348F9ADA}"
EndProject
Project("{2150E333-8FDC-42A3-9474-1A3956D46DE8}") = "UnitTests", "UnitTests", "{441CDE0D-9472-411D-AC47-34768FD0342E}"
EndProject
Project("{2150E333-8FDC-42A3-9474-1A3956D46DE8}") = "IntegrationTests", "IntegrationTests", "{1AD0B019-3412-475C-BC7E-1479D67D1BE4}"
EndProject
Project("{9A19103F-16F7-4668-BE54-9A1E7A4F7556}") = "LetPortal.Tests.UTs.Portal", "..\..\test\UnitTests\LetPortal.Tests.UTs.Portal\LetPortal.Tests.UTs.Portal.csproj", "{AE221F24-BAC9-4367-8C1F-EEDE87840E1E}"
EndProject
Project("{9A19103F-16F7-4668-BE54-9A1E7A4F7556}") = "LetPortal.Tests.ITs.Portal", "..\..\test\IntegrationTests\LetPortal.Tests.ITs.Portal\LetPortal.Tests.ITs.Portal.csproj", "{9F44F21C-C4EC-42D9-81B0-98D5A2456A5B}"
EndProject
Project("{9A19103F-16F7-4668-BE54-9A1E7A4F7556}") = "LetPortal.Tests.ITs.Identity", "..\..\test\IntegrationTests\LetPortal.Tests.ITs.Identity\LetPortal.Tests.ITs.Identity.csproj", "{7535DBEF-5CBA-4E7A-B72D-C6CFF96F5EBD}"
EndProject
Project("{2150E333-8FDC-42A3-9474-1A3956D46DE8}") = "Docker", "Docker", "{768D0C05-5520-40C6-851D-CF4F2E490BD5}"
	ProjectSection(SolutionItems) = preProject
		docker-compose.yml = docker-compose.yml
	EndProjectSection
EndProject
Project("{2150E333-8FDC-42A3-9474-1A3956D46DE8}") = "Scripts", "Scripts", "{183E4E42-4D6B-411B-835B-77A5EC5FC8A4}"
	ProjectSection(SolutionItems) = preProject
		installation.ps1 = installation.ps1
		installation.sh = installation.sh
		publish-lnx.sh = publish-lnx.sh
		publish-win.ps1 = publish-win.ps1
		run-lnx.sh = run-lnx.sh
		run-win.ps1 = run-win.ps1
	EndProjectSection
EndProject
Project("{2150E333-8FDC-42A3-9474-1A3956D46DE8}") = "Solution Items", "Solution Items", "{67C40109-BFB0-472A-B6C5-03E5DA204777}"
	ProjectSection(SolutionItems) = preProject
		.editorconfig = .editorconfig
		editorconfig.props = editorconfig.props
	EndProjectSection
EndProject
Project("{9A19103F-16F7-4668-BE54-9A1E7A4F7556}") = "LetPortal.Chat", "LetPortal.Chat\LetPortal.Chat.csproj", "{EFCBFE2B-AE41-4698-B7D8-40FF1FC2445B}"
EndProject
Project("{2150E333-8FDC-42A3-9474-1A3956D46DE8}") = "Websites", "Websites", "{CD1009E0-2E02-48DE-BA29-5C8F953F8D99}"
EndProject
Project("{9A19103F-16F7-4668-BE54-9A1E7A4F7556}") = "LetPortal.Websites.CMS", "LetPortal.Websites.CMS\LetPortal.Websites.CMS.csproj", "{1CDDD2D2-6B99-4849-9124-37C580775ED7}"
EndProject
Project("{2150E333-8FDC-42A3-9474-1A3956D46DE8}") = "Platform.CMS", "Platform.CMS", "{FA3BB0F5-87A8-4AF7-8DC4-2C8A0D9AFF52}"
EndProject
Project("{2150E333-8FDC-42A3-9474-1A3956D46DE8}") = "Themes", "Themes", "{1803907C-6281-45AA-9FB1-5B4FADE42B33}"
EndProject
Project("{2150E333-8FDC-42A3-9474-1A3956D46DE8}") = "Core", "Core", "{D3AA9F7D-711F-4A71-B8C8-8A11EC7087C4}"
EndProject
Project("{9A19103F-16F7-4668-BE54-9A1E7A4F7556}") = "LetPortal.CMS.Core", "LetPortal.CMS.Core\LetPortal.CMS.Core.csproj", "{2E4C393F-E689-457F-9197-D6C09BBCEB6D}"
EndProject
Project("{2150E333-8FDC-42A3-9474-1A3956D46DE8}") = "Versions", "Versions", "{EAA2A6CD-9DF6-41BD-84CB-7B88E6A60D17}"
EndProject
Project("{2150E333-8FDC-42A3-9474-1A3956D46DE8}") = "Features", "Features", "{2FEBE9A1-7EFE-4940-9AB9-6EEEDE6000A0}"
EndProject
Project("{9A19103F-16F7-4668-BE54-9A1E7A4F7556}") = "LetPortal.CMS.Features.Blogs", "LetPortal.CMS.Features.Blogs\LetPortal.CMS.Features.Blogs.csproj", "{EA28FD82-B490-4B38-9538-6BA4DBFCC99E}"
EndProject
Project("{9A19103F-16F7-4668-BE54-9A1E7A4F7556}") = "LetPortal.CMS.Tools", "LetPortal.CMS.Tools\LetPortal.CMS.Tools.csproj", "{96D654BB-708C-4B7D-A48E-8EB152CBC782}"
EndProject
Project("{2150E333-8FDC-42A3-9474-1A3956D46DE8}") = "Platform.Portal", "Platform.Portal", "{DCF12AF6-19C2-4C16-98E5-D67E2410EBC8}"
EndProject
Project("{2150E333-8FDC-42A3-9474-1A3956D46DE8}") = "CLI", "CLI", "{F203A2C0-5D17-4D6C-ACC3-85B842B61E00}"
EndProject
Project("{2150E333-8FDC-42A3-9474-1A3956D46DE8}") = "Versions", "Versions", "{413FBB8A-59E4-4BFF-807E-A16A631A4780}"
EndProject
Project("{2150E333-8FDC-42A3-9474-1A3956D46DE8}") = "AppParts", "AppParts", "{5F509A06-D8A8-4D8E-B254-FCFF47F39A91}"
EndProject
Project("{9A19103F-16F7-4668-BE54-9A1E7A4F7556}") = "LetPortal.Portal.AppParts", "LetPortal.PortalApis.AppParts\LetPortal.Portal.AppParts.csproj", "{3AD7F87F-B038-4B7B-B6F1-C88B13B1596A}"
EndProject
Project("{9A19103F-16F7-4668-BE54-9A1E7A4F7556}") = "LetPortal.Identity.AppParts", "LetPortal.Identity.AppParts\LetPortal.Identity.AppParts.csproj", "{59820A47-97BD-43E1-8FAD-3695E724E920}"
EndProject
Project("{9A19103F-16F7-4668-BE54-9A1E7A4F7556}") = "LetPortal.Chat.AppParts", "LetPortal.Chat.AppParts\LetPortal.Chat.AppParts.csproj", "{447E5DE0-54DC-494C-9F28-3AA5B7367489}"
EndProject
Project("{2150E333-8FDC-42A3-9474-1A3956D46DE8}") = "AppParts", "AppParts", "{44850B10-A948-4F19-8454-1D6D189E4A11}"
EndProject
Project("{9A19103F-16F7-4668-BE54-9A1E7A4F7556}") = "LetPortal.CMS.AppParts", "LetPortal.CMS.AppParts\LetPortal.CMS.AppParts.csproj", "{4F9423ED-548B-4BE6-825F-58CD10D441A9}"
EndProject
Project("{9A19103F-16F7-4668-BE54-9A1E7A4F7556}") = "LetPortal.Saturn", "LetPortal.Saturn\LetPortal.Saturn.csproj", "{9A2C46DE-E0C3-41AA-A2B5-E34B8260F5D5}"
EndProject
Project("{9A19103F-16F7-4668-BE54-9A1E7A4F7556}") = "LetPortal.ServiceManagement.AppParts", "LetPortal.ServiceManagement.AppParts\LetPortal.ServiceManagement.AppParts.csproj", "{3EF6B885-45FC-4A7C-BB49-4F191D2361B1}"
EndProject
Project("{E53339B2-1760-4266-BCC7-CA923CBCF16C}") = "docker-compose", "docker-compose.dcproj", "{C3C6F29C-4D33-4520-A4A6-BE2497789732}"
EndProject
Project("{9A19103F-16F7-4668-BE54-9A1E7A4F7556}") = "PersonalBlog.Tools", "PersonalBlog.Tools\PersonalBlog.Tools.csproj", "{9B8A5A1C-6535-4086-ACAD-155AF1CEB4B0}"
EndProject
Project("{9A19103F-16F7-4668-BE54-9A1E7A4F7556}") = "Themes.PersonalBlog", "Themes.PersonalBlog\Themes.PersonalBlog.csproj", "{62F827B0-7E9F-4B2A-A910-261BCCA8C7DD}"
EndProject
Project("{9A19103F-16F7-4668-BE54-9A1E7A4F7556}") = "LetPortal.Microservices.Server", "LetPortal.Microservices.Server\LetPortal.Microservices.Server.csproj", "{F2B8E9CF-DE90-4E5F-A587-DEDD6F7EA1C3}"
EndProject
Project("{9A19103F-16F7-4668-BE54-9A1E7A4F7556}") = "LetPortal.Microservices.Client", "LetPortal.Microservices.Client\LetPortal.Microservices.Client.csproj", "{F9AD49F3-A83A-419C-A18D-50B54D9B5A7D}"
EndProject
Project("{2150E333-8FDC-42A3-9474-1A3956D46DE8}") = "Protos", "Protos", "{BF1BF500-3A89-44C7-A28D-1E152EAF0016}"
	ProjectSection(SolutionItems) = preProject
		Protos\configuration.proto = Protos\configuration.proto
		Protos\logcollector.proto = Protos\logcollector.proto
		Protos\monitor.proto = Protos\monitor.proto
	EndProjectSection
EndProject
Project("{9A19103F-16F7-4668-BE54-9A1E7A4F7556}") = "LetPortal.Tests.UTs.CMS", "..\..\test\UnitTests\LetPortal.Tests.UTs.CMS\LetPortal.Tests.UTs.CMS.csproj", "{89AD948A-4B80-4D3A-82B1-2C3A3471BE95}"
EndProject
Project("{9A19103F-16F7-4668-BE54-9A1E7A4F7556}") = "LetPortal.CMS.Features.Menus", "LetPortal.CMS.Features.Menus\LetPortal.CMS.Features.Menus.csproj", "{946819CB-6660-41DB-9116-0B1AEDE60725}"
EndProject
Global
	GlobalSection(SolutionConfigurationPlatforms) = preSolution
		Debug|Any CPU = Debug|Any CPU
		Release|Any CPU = Release|Any CPU
	EndGlobalSection
	GlobalSection(ProjectConfigurationPlatforms) = postSolution
		{0C8BA5A4-B88D-49C6-A727-94CDB2E4040B}.Debug|Any CPU.ActiveCfg = Debug|Any CPU
		{0C8BA5A4-B88D-49C6-A727-94CDB2E4040B}.Debug|Any CPU.Build.0 = Debug|Any CPU
		{0C8BA5A4-B88D-49C6-A727-94CDB2E4040B}.Release|Any CPU.ActiveCfg = Release|Any CPU
		{0C8BA5A4-B88D-49C6-A727-94CDB2E4040B}.Release|Any CPU.Build.0 = Release|Any CPU
		{B1B39482-5D50-4EF3-9716-24688F4AFD6A}.Debug|Any CPU.ActiveCfg = Debug|Any CPU
		{B1B39482-5D50-4EF3-9716-24688F4AFD6A}.Debug|Any CPU.Build.0 = Debug|Any CPU
		{B1B39482-5D50-4EF3-9716-24688F4AFD6A}.Release|Any CPU.ActiveCfg = Release|Any CPU
		{B1B39482-5D50-4EF3-9716-24688F4AFD6A}.Release|Any CPU.Build.0 = Release|Any CPU
		{79B71987-C62C-4BDE-8A0E-E0830BD81BD1}.Debug|Any CPU.ActiveCfg = Debug|Any CPU
		{79B71987-C62C-4BDE-8A0E-E0830BD81BD1}.Debug|Any CPU.Build.0 = Debug|Any CPU
		{79B71987-C62C-4BDE-8A0E-E0830BD81BD1}.Release|Any CPU.ActiveCfg = Release|Any CPU
		{79B71987-C62C-4BDE-8A0E-E0830BD81BD1}.Release|Any CPU.Build.0 = Release|Any CPU
		{E59307FD-3CE2-4F35-AEFA-E929DFEB7F65}.Debug|Any CPU.ActiveCfg = Debug|Any CPU
		{E59307FD-3CE2-4F35-AEFA-E929DFEB7F65}.Debug|Any CPU.Build.0 = Debug|Any CPU
		{E59307FD-3CE2-4F35-AEFA-E929DFEB7F65}.Release|Any CPU.ActiveCfg = Release|Any CPU
		{E59307FD-3CE2-4F35-AEFA-E929DFEB7F65}.Release|Any CPU.Build.0 = Release|Any CPU
		{4EC699C2-C403-4FB4-918E-ADF280E47245}.Debug|Any CPU.ActiveCfg = Debug|Any CPU
		{4EC699C2-C403-4FB4-918E-ADF280E47245}.Debug|Any CPU.Build.0 = Debug|Any CPU
		{4EC699C2-C403-4FB4-918E-ADF280E47245}.Release|Any CPU.ActiveCfg = Release|Any CPU
		{4EC699C2-C403-4FB4-918E-ADF280E47245}.Release|Any CPU.Build.0 = Release|Any CPU
		{AE221F24-BAC9-4367-8C1F-EEDE87840E1E}.Debug|Any CPU.ActiveCfg = Debug|Any CPU
		{AE221F24-BAC9-4367-8C1F-EEDE87840E1E}.Debug|Any CPU.Build.0 = Debug|Any CPU
		{AE221F24-BAC9-4367-8C1F-EEDE87840E1E}.Release|Any CPU.ActiveCfg = Release|Any CPU
		{AE221F24-BAC9-4367-8C1F-EEDE87840E1E}.Release|Any CPU.Build.0 = Release|Any CPU
		{9F44F21C-C4EC-42D9-81B0-98D5A2456A5B}.Debug|Any CPU.ActiveCfg = Debug|Any CPU
		{9F44F21C-C4EC-42D9-81B0-98D5A2456A5B}.Debug|Any CPU.Build.0 = Debug|Any CPU
		{9F44F21C-C4EC-42D9-81B0-98D5A2456A5B}.Release|Any CPU.ActiveCfg = Release|Any CPU
		{9F44F21C-C4EC-42D9-81B0-98D5A2456A5B}.Release|Any CPU.Build.0 = Release|Any CPU
		{7535DBEF-5CBA-4E7A-B72D-C6CFF96F5EBD}.Debug|Any CPU.ActiveCfg = Debug|Any CPU
		{7535DBEF-5CBA-4E7A-B72D-C6CFF96F5EBD}.Debug|Any CPU.Build.0 = Debug|Any CPU
		{7535DBEF-5CBA-4E7A-B72D-C6CFF96F5EBD}.Release|Any CPU.ActiveCfg = Release|Any CPU
		{7535DBEF-5CBA-4E7A-B72D-C6CFF96F5EBD}.Release|Any CPU.Build.0 = Release|Any CPU
		{EFCBFE2B-AE41-4698-B7D8-40FF1FC2445B}.Debug|Any CPU.ActiveCfg = Debug|Any CPU
		{EFCBFE2B-AE41-4698-B7D8-40FF1FC2445B}.Debug|Any CPU.Build.0 = Debug|Any CPU
		{EFCBFE2B-AE41-4698-B7D8-40FF1FC2445B}.Release|Any CPU.ActiveCfg = Release|Any CPU
		{EFCBFE2B-AE41-4698-B7D8-40FF1FC2445B}.Release|Any CPU.Build.0 = Release|Any CPU
		{1CDDD2D2-6B99-4849-9124-37C580775ED7}.Debug|Any CPU.ActiveCfg = Debug|Any CPU
		{1CDDD2D2-6B99-4849-9124-37C580775ED7}.Debug|Any CPU.Build.0 = Debug|Any CPU
		{1CDDD2D2-6B99-4849-9124-37C580775ED7}.Release|Any CPU.ActiveCfg = Release|Any CPU
		{1CDDD2D2-6B99-4849-9124-37C580775ED7}.Release|Any CPU.Build.0 = Release|Any CPU
		{2E4C393F-E689-457F-9197-D6C09BBCEB6D}.Debug|Any CPU.ActiveCfg = Debug|Any CPU
		{2E4C393F-E689-457F-9197-D6C09BBCEB6D}.Debug|Any CPU.Build.0 = Debug|Any CPU
		{2E4C393F-E689-457F-9197-D6C09BBCEB6D}.Release|Any CPU.ActiveCfg = Release|Any CPU
		{2E4C393F-E689-457F-9197-D6C09BBCEB6D}.Release|Any CPU.Build.0 = Release|Any CPU
		{EA28FD82-B490-4B38-9538-6BA4DBFCC99E}.Debug|Any CPU.ActiveCfg = Debug|Any CPU
		{EA28FD82-B490-4B38-9538-6BA4DBFCC99E}.Debug|Any CPU.Build.0 = Debug|Any CPU
		{EA28FD82-B490-4B38-9538-6BA4DBFCC99E}.Release|Any CPU.ActiveCfg = Release|Any CPU
		{EA28FD82-B490-4B38-9538-6BA4DBFCC99E}.Release|Any CPU.Build.0 = Release|Any CPU
		{96D654BB-708C-4B7D-A48E-8EB152CBC782}.Debug|Any CPU.ActiveCfg = Debug|Any CPU
		{96D654BB-708C-4B7D-A48E-8EB152CBC782}.Debug|Any CPU.Build.0 = Debug|Any CPU
		{96D654BB-708C-4B7D-A48E-8EB152CBC782}.Release|Any CPU.ActiveCfg = Release|Any CPU
		{96D654BB-708C-4B7D-A48E-8EB152CBC782}.Release|Any CPU.Build.0 = Release|Any CPU
		{3AD7F87F-B038-4B7B-B6F1-C88B13B1596A}.Debug|Any CPU.ActiveCfg = Debug|Any CPU
		{3AD7F87F-B038-4B7B-B6F1-C88B13B1596A}.Debug|Any CPU.Build.0 = Debug|Any CPU
		{3AD7F87F-B038-4B7B-B6F1-C88B13B1596A}.Release|Any CPU.ActiveCfg = Release|Any CPU
		{3AD7F87F-B038-4B7B-B6F1-C88B13B1596A}.Release|Any CPU.Build.0 = Release|Any CPU
		{59820A47-97BD-43E1-8FAD-3695E724E920}.Debug|Any CPU.ActiveCfg = Debug|Any CPU
		{59820A47-97BD-43E1-8FAD-3695E724E920}.Debug|Any CPU.Build.0 = Debug|Any CPU
		{59820A47-97BD-43E1-8FAD-3695E724E920}.Release|Any CPU.ActiveCfg = Release|Any CPU
		{59820A47-97BD-43E1-8FAD-3695E724E920}.Release|Any CPU.Build.0 = Release|Any CPU
		{447E5DE0-54DC-494C-9F28-3AA5B7367489}.Debug|Any CPU.ActiveCfg = Debug|Any CPU
		{447E5DE0-54DC-494C-9F28-3AA5B7367489}.Debug|Any CPU.Build.0 = Debug|Any CPU
		{447E5DE0-54DC-494C-9F28-3AA5B7367489}.Release|Any CPU.ActiveCfg = Release|Any CPU
		{447E5DE0-54DC-494C-9F28-3AA5B7367489}.Release|Any CPU.Build.0 = Release|Any CPU
		{4F9423ED-548B-4BE6-825F-58CD10D441A9}.Debug|Any CPU.ActiveCfg = Debug|Any CPU
		{4F9423ED-548B-4BE6-825F-58CD10D441A9}.Debug|Any CPU.Build.0 = Debug|Any CPU
		{4F9423ED-548B-4BE6-825F-58CD10D441A9}.Release|Any CPU.ActiveCfg = Release|Any CPU
		{4F9423ED-548B-4BE6-825F-58CD10D441A9}.Release|Any CPU.Build.0 = Release|Any CPU
		{9A2C46DE-E0C3-41AA-A2B5-E34B8260F5D5}.Debug|Any CPU.ActiveCfg = Debug|Any CPU
		{9A2C46DE-E0C3-41AA-A2B5-E34B8260F5D5}.Debug|Any CPU.Build.0 = Debug|Any CPU
		{9A2C46DE-E0C3-41AA-A2B5-E34B8260F5D5}.Release|Any CPU.ActiveCfg = Release|Any CPU
		{9A2C46DE-E0C3-41AA-A2B5-E34B8260F5D5}.Release|Any CPU.Build.0 = Release|Any CPU
		{3EF6B885-45FC-4A7C-BB49-4F191D2361B1}.Debug|Any CPU.ActiveCfg = Debug|Any CPU
		{3EF6B885-45FC-4A7C-BB49-4F191D2361B1}.Debug|Any CPU.Build.0 = Debug|Any CPU
		{3EF6B885-45FC-4A7C-BB49-4F191D2361B1}.Release|Any CPU.ActiveCfg = Release|Any CPU
		{3EF6B885-45FC-4A7C-BB49-4F191D2361B1}.Release|Any CPU.Build.0 = Release|Any CPU
		{C3C6F29C-4D33-4520-A4A6-BE2497789732}.Debug|Any CPU.ActiveCfg = Debug|Any CPU
		{C3C6F29C-4D33-4520-A4A6-BE2497789732}.Debug|Any CPU.Build.0 = Debug|Any CPU
		{C3C6F29C-4D33-4520-A4A6-BE2497789732}.Release|Any CPU.ActiveCfg = Release|Any CPU
		{C3C6F29C-4D33-4520-A4A6-BE2497789732}.Release|Any CPU.Build.0 = Release|Any CPU
		{9B8A5A1C-6535-4086-ACAD-155AF1CEB4B0}.Debug|Any CPU.ActiveCfg = Debug|Any CPU
		{9B8A5A1C-6535-4086-ACAD-155AF1CEB4B0}.Debug|Any CPU.Build.0 = Debug|Any CPU
		{9B8A5A1C-6535-4086-ACAD-155AF1CEB4B0}.Release|Any CPU.ActiveCfg = Release|Any CPU
		{9B8A5A1C-6535-4086-ACAD-155AF1CEB4B0}.Release|Any CPU.Build.0 = Release|Any CPU
		{62F827B0-7E9F-4B2A-A910-261BCCA8C7DD}.Debug|Any CPU.ActiveCfg = Debug|Any CPU
		{62F827B0-7E9F-4B2A-A910-261BCCA8C7DD}.Debug|Any CPU.Build.0 = Debug|Any CPU
		{62F827B0-7E9F-4B2A-A910-261BCCA8C7DD}.Release|Any CPU.ActiveCfg = Release|Any CPU
		{62F827B0-7E9F-4B2A-A910-261BCCA8C7DD}.Release|Any CPU.Build.0 = Release|Any CPU
		{F2B8E9CF-DE90-4E5F-A587-DEDD6F7EA1C3}.Debug|Any CPU.ActiveCfg = Debug|Any CPU
		{F2B8E9CF-DE90-4E5F-A587-DEDD6F7EA1C3}.Debug|Any CPU.Build.0 = Debug|Any CPU
		{F2B8E9CF-DE90-4E5F-A587-DEDD6F7EA1C3}.Release|Any CPU.ActiveCfg = Release|Any CPU
		{F2B8E9CF-DE90-4E5F-A587-DEDD6F7EA1C3}.Release|Any CPU.Build.0 = Release|Any CPU
		{F9AD49F3-A83A-419C-A18D-50B54D9B5A7D}.Debug|Any CPU.ActiveCfg = Debug|Any CPU
		{F9AD49F3-A83A-419C-A18D-50B54D9B5A7D}.Debug|Any CPU.Build.0 = Debug|Any CPU
		{F9AD49F3-A83A-419C-A18D-50B54D9B5A7D}.Release|Any CPU.ActiveCfg = Release|Any CPU
		{F9AD49F3-A83A-419C-A18D-50B54D9B5A7D}.Release|Any CPU.Build.0 = Release|Any CPU
		{89AD948A-4B80-4D3A-82B1-2C3A3471BE95}.Debug|Any CPU.ActiveCfg = Debug|Any CPU
		{89AD948A-4B80-4D3A-82B1-2C3A3471BE95}.Debug|Any CPU.Build.0 = Debug|Any CPU
		{89AD948A-4B80-4D3A-82B1-2C3A3471BE95}.Release|Any CPU.ActiveCfg = Release|Any CPU
		{89AD948A-4B80-4D3A-82B1-2C3A3471BE95}.Release|Any CPU.Build.0 = Release|Any CPU
		{946819CB-6660-41DB-9116-0B1AEDE60725}.Debug|Any CPU.ActiveCfg = Debug|Any CPU
		{946819CB-6660-41DB-9116-0B1AEDE60725}.Debug|Any CPU.Build.0 = Debug|Any CPU
		{946819CB-6660-41DB-9116-0B1AEDE60725}.Release|Any CPU.ActiveCfg = Release|Any CPU
		{946819CB-6660-41DB-9116-0B1AEDE60725}.Release|Any CPU.Build.0 = Release|Any CPU
	EndGlobalSection
	GlobalSection(SolutionProperties) = preSolution
		HideSolutionNode = FALSE
	EndGlobalSection
	GlobalSection(NestedProjects) = preSolution
		{B0E410E9-B0DA-4ECD-A632-5395BD45078C} = {DCF12AF6-19C2-4C16-98E5-D67E2410EBC8}
		{20473F00-C684-49CA-92AB-B5D2CEE12B9D} = {DCF12AF6-19C2-4C16-98E5-D67E2410EBC8}
		{0C8BA5A4-B88D-49C6-A727-94CDB2E4040B} = {FCDBA824-B82A-4688-BF14-FF866A0B25C3}
		{B1B39482-5D50-4EF3-9716-24688F4AFD6A} = {B0E410E9-B0DA-4ECD-A632-5395BD45078C}
		{79B71987-C62C-4BDE-8A0E-E0830BD81BD1} = {FCDBA824-B82A-4688-BF14-FF866A0B25C3}
		{FCDBA824-B82A-4688-BF14-FF866A0B25C3} = {DCF12AF6-19C2-4C16-98E5-D67E2410EBC8}
		{E59307FD-3CE2-4F35-AEFA-E929DFEB7F65} = {F203A2C0-5D17-4D6C-ACC3-85B842B61E00}
		{4EC699C2-C403-4FB4-918E-ADF280E47245} = {413FBB8A-59E4-4BFF-807E-A16A631A4780}
		{6374B681-D6A6-4E7A-8DF1-DDBE348F9ADA} = {DCF12AF6-19C2-4C16-98E5-D67E2410EBC8}
		{441CDE0D-9472-411D-AC47-34768FD0342E} = {6374B681-D6A6-4E7A-8DF1-DDBE348F9ADA}
		{1AD0B019-3412-475C-BC7E-1479D67D1BE4} = {6374B681-D6A6-4E7A-8DF1-DDBE348F9ADA}
		{AE221F24-BAC9-4367-8C1F-EEDE87840E1E} = {441CDE0D-9472-411D-AC47-34768FD0342E}
		{9F44F21C-C4EC-42D9-81B0-98D5A2456A5B} = {1AD0B019-3412-475C-BC7E-1479D67D1BE4}
		{7535DBEF-5CBA-4E7A-B72D-C6CFF96F5EBD} = {1AD0B019-3412-475C-BC7E-1479D67D1BE4}
		{768D0C05-5520-40C6-851D-CF4F2E490BD5} = {C0B07BA7-A9AA-42C7-998B-3B94A9865E74}
		{183E4E42-4D6B-411B-835B-77A5EC5FC8A4} = {C0B07BA7-A9AA-42C7-998B-3B94A9865E74}
		{EFCBFE2B-AE41-4698-B7D8-40FF1FC2445B} = {FCDBA824-B82A-4688-BF14-FF866A0B25C3}
		{CD1009E0-2E02-48DE-BA29-5C8F953F8D99} = {FA3BB0F5-87A8-4AF7-8DC4-2C8A0D9AFF52}
		{1CDDD2D2-6B99-4849-9124-37C580775ED7} = {CD1009E0-2E02-48DE-BA29-5C8F953F8D99}
		{1803907C-6281-45AA-9FB1-5B4FADE42B33} = {FA3BB0F5-87A8-4AF7-8DC4-2C8A0D9AFF52}
		{D3AA9F7D-711F-4A71-B8C8-8A11EC7087C4} = {FA3BB0F5-87A8-4AF7-8DC4-2C8A0D9AFF52}
		{2E4C393F-E689-457F-9197-D6C09BBCEB6D} = {D3AA9F7D-711F-4A71-B8C8-8A11EC7087C4}
		{EAA2A6CD-9DF6-41BD-84CB-7B88E6A60D17} = {FA3BB0F5-87A8-4AF7-8DC4-2C8A0D9AFF52}
		{2FEBE9A1-7EFE-4940-9AB9-6EEEDE6000A0} = {FA3BB0F5-87A8-4AF7-8DC4-2C8A0D9AFF52}
		{EA28FD82-B490-4B38-9538-6BA4DBFCC99E} = {2FEBE9A1-7EFE-4940-9AB9-6EEEDE6000A0}
		{96D654BB-708C-4B7D-A48E-8EB152CBC782} = {EAA2A6CD-9DF6-41BD-84CB-7B88E6A60D17}
		{F203A2C0-5D17-4D6C-ACC3-85B842B61E00} = {C0B07BA7-A9AA-42C7-998B-3B94A9865E74}
		{413FBB8A-59E4-4BFF-807E-A16A631A4780} = {DCF12AF6-19C2-4C16-98E5-D67E2410EBC8}
		{5F509A06-D8A8-4D8E-B254-FCFF47F39A91} = {DCF12AF6-19C2-4C16-98E5-D67E2410EBC8}
		{3AD7F87F-B038-4B7B-B6F1-C88B13B1596A} = {5F509A06-D8A8-4D8E-B254-FCFF47F39A91}
		{59820A47-97BD-43E1-8FAD-3695E724E920} = {5F509A06-D8A8-4D8E-B254-FCFF47F39A91}
		{447E5DE0-54DC-494C-9F28-3AA5B7367489} = {5F509A06-D8A8-4D8E-B254-FCFF47F39A91}
		{44850B10-A948-4F19-8454-1D6D189E4A11} = {FA3BB0F5-87A8-4AF7-8DC4-2C8A0D9AFF52}
		{4F9423ED-548B-4BE6-825F-58CD10D441A9} = {44850B10-A948-4F19-8454-1D6D189E4A11}
		{9A2C46DE-E0C3-41AA-A2B5-E34B8260F5D5} = {20473F00-C684-49CA-92AB-B5D2CEE12B9D}
		{3EF6B885-45FC-4A7C-BB49-4F191D2361B1} = {5F509A06-D8A8-4D8E-B254-FCFF47F39A91}
		{9B8A5A1C-6535-4086-ACAD-155AF1CEB4B0} = {EAA2A6CD-9DF6-41BD-84CB-7B88E6A60D17}
		{62F827B0-7E9F-4B2A-A910-261BCCA8C7DD} = {1803907C-6281-45AA-9FB1-5B4FADE42B33}
		{F2B8E9CF-DE90-4E5F-A587-DEDD6F7EA1C3} = {B0E410E9-B0DA-4ECD-A632-5395BD45078C}
		{F9AD49F3-A83A-419C-A18D-50B54D9B5A7D} = {B0E410E9-B0DA-4ECD-A632-5395BD45078C}
		{BF1BF500-3A89-44C7-A28D-1E152EAF0016} = {B0E410E9-B0DA-4ECD-A632-5395BD45078C}
		{89AD948A-4B80-4D3A-82B1-2C3A3471BE95} = {441CDE0D-9472-411D-AC47-34768FD0342E}
		{946819CB-6660-41DB-9116-0B1AEDE60725} = {2FEBE9A1-7EFE-4940-9AB9-6EEEDE6000A0}
	EndGlobalSection
	GlobalSection(ExtensibilityGlobals) = postSolution
		SolutionGuid = {B8132CF7-7C19-457C-8BD0-D7F09DA986EC}
	EndGlobalSection
EndGlobal
