
Microsoft Visual Studio Solution File, Format Version 12.00
# Visual Studio Version 16
VisualStudioVersion = 16.0.29215.179
MinimumVisualStudioVersion = 10.0.40219.1
Project("{2150E333-8FDC-42A3-9474-1A3956D46DE8}") = "Core", "Core", "{B0E410E9-B0DA-4ECD-A632-5395BD45078C}"
EndProject
Project("{2150E333-8FDC-42A3-9474-1A3956D46DE8}") = "WebApis", "WebApis", "{20473F00-C684-49CA-92AB-B5D2CEE12B9D}"
EndProject
Project("{9A19103F-16F7-4668-BE54-9A1E7A4F7556}") = "LetPortal.PortalApis", "LetPortal.WebApis\LetPortal.PortalApis.csproj", "{03B9E5B2-E370-4447-9D26-B9E2B99F4FFF}"
EndProject
Project("{2150E333-8FDC-42A3-9474-1A3956D46DE8}") = "Identity", "Identity", "{9C42BBF9-86A5-488D-B99F-D4E05B47DBD0}"
EndProject
Project("{9A19103F-16F7-4668-BE54-9A1E7A4F7556}") = "LetPortal.Identity", "LetPortal.Identity\LetPortal.Identity.csproj", "{0C8BA5A4-B88D-49C6-A727-94CDB2E4040B}"
EndProject
Project("{9A19103F-16F7-4668-BE54-9A1E7A4F7556}") = "LetPortal.ServiceManagementApis", "LetPortal.ServiceManagementApis\LetPortal.ServiceManagementApis.csproj", "{E5BD88E7-5B7A-4404-A850-6DB2328068B4}"
EndProject
Project("{2150E333-8FDC-42A3-9474-1A3956D46DE8}") = "ServiceManagement", "ServiceManagement", "{35407111-1BD1-494E-86E1-B6A986701029}"
EndProject
Project("{9A19103F-16F7-4668-BE54-9A1E7A4F7556}") = "LetPortal.ServiceManagement", "LetPortal.ServiceManagement\LetPortal.ServiceManagement.csproj", "{8B5F9CBA-95FB-415C-994D-4F614E51000A}"
EndProject
Project("{9A19103F-16F7-4668-BE54-9A1E7A4F7556}") = "LetPortal.IdentityApis", "LetPortal.IdentityApis\LetPortal.IdentityApis.csproj", "{6685AAB6-BCDB-4354-A519-4DC8B34D12CB}"
EndProject
Project("{9A19103F-16F7-4668-BE54-9A1E7A4F7556}") = "LetPortal.Core", "LetPortal.Core\LetPortal.Core.csproj", "{B1B39482-5D50-4EF3-9716-24688F4AFD6A}"
EndProject
Project("{2150E333-8FDC-42A3-9474-1A3956D46DE8}") = "Portal", "Portal", "{AEEEE9AB-0177-4011-8AD7-72D786A20151}"
EndProject
Project("{9A19103F-16F7-4668-BE54-9A1E7A4F7556}") = "LetPortal.Portal", "LetPortal.Portal\LetPortal.Portal.csproj", "{79B71987-C62C-4BDE-8A0E-E0830BD81BD1}"
EndProject
Project("{2150E333-8FDC-42A3-9474-1A3956D46DE8}") = "Features", "Features", "{FCDBA824-B82A-4688-BF14-FF866A0B25C3}"
EndProject
Project("{2150E333-8FDC-42A3-9474-1A3956D46DE8}") = "Gateway", "Gateway", "{3B514339-AA57-4F82-9E6D-82E8CF645694}"
EndProject
Project("{9A19103F-16F7-4668-BE54-9A1E7A4F7556}") = "LetPortal.Gateway", "LetPortal.Gateway\LetPortal.Gateway.csproj", "{72690FBC-70B3-41E6-BE91-5C5606B0C1B4}"
EndProject
Project("{2150E333-8FDC-42A3-9474-1A3956D46DE8}") = "Tools", "Tools", "{C0B07BA7-A9AA-42C7-998B-3B94A9865E74}"
EndProject
Project("{9A19103F-16F7-4668-BE54-9A1E7A4F7556}") = "LetPortal.Tools", "LetPortal.Tools\LetPortal.Tools.csproj", "{E59307FD-3CE2-4F35-AEFA-E929DFEB7F65}"
EndProject
Project("{9A19103F-16F7-4668-BE54-9A1E7A4F7556}") = "LetPortal.Versions", "LetPortal.Versions\LetPortal.Versions.csproj", "{4EC699C2-C403-4FB4-918E-ADF280E47245}"
EndProject
Project("{2150E333-8FDC-42A3-9474-1A3956D46DE8}") = "Tests", "Tests", "{6374B681-D6A6-4E7A-8DF1-DDBE348F9ADA}"
EndProject
Project("{2150E333-8FDC-42A3-9474-1A3956D46DE8}") = "UnitTests", "UnitTests", "{441CDE0D-9472-411D-AC47-34768FD0342E}"
EndProject
Project("{2150E333-8FDC-42A3-9474-1A3956D46DE8}") = "IntegrationTests", "IntegrationTests", "{1AD0B019-3412-475C-BC7E-1479D67D1BE4}"
EndProject
Project("{9A19103F-16F7-4668-BE54-9A1E7A4F7556}") = "LetPortal.Tests.UTs.Portal", "..\..\test\UnitTests\LetPortal.Tests.UTs.Portal\LetPortal.Tests.UTs.Portal.csproj", "{AE221F24-BAC9-4367-8C1F-EEDE87840E1E}"
EndProject
Project("{9A19103F-16F7-4668-BE54-9A1E7A4F7556}") = "LetPortal.Tests.ITs.Portal", "..\..\test\IntegrationTests\LetPortal.Tests.ITs.Portal\LetPortal.Tests.ITs.Portal.csproj", "{9F44F21C-C4EC-42D9-81B0-98D5A2456A5B}"
EndProject
Project("{9A19103F-16F7-4668-BE54-9A1E7A4F7556}") = "LetPortal.Tests.ITs.Identity", "..\..\test\IntegrationTests\LetPortal.Tests.ITs.Identity\LetPortal.Tests.ITs.Identity.csproj", "{7535DBEF-5CBA-4E7A-B72D-C6CFF96F5EBD}"
EndProject
Project("{2150E333-8FDC-42A3-9474-1A3956D46DE8}") = "Docker", "Docker", "{768D0C05-5520-40C6-851D-CF4F2E490BD5}"
	ProjectSection(SolutionItems) = preProject
		docker-compose.local.yml = docker-compose.local.yml
		docker-compose.yml = docker-compose.yml
	EndProjectSection
EndProject
Global
	GlobalSection(SolutionConfigurationPlatforms) = preSolution
		Debug|Any CPU = Debug|Any CPU
		Release|Any CPU = Release|Any CPU
	EndGlobalSection
	GlobalSection(ProjectConfigurationPlatforms) = postSolution
		{03B9E5B2-E370-4447-9D26-B9E2B99F4FFF}.Debug|Any CPU.ActiveCfg = Debug|Any CPU
		{03B9E5B2-E370-4447-9D26-B9E2B99F4FFF}.Debug|Any CPU.Build.0 = Debug|Any CPU
		{03B9E5B2-E370-4447-9D26-B9E2B99F4FFF}.Release|Any CPU.ActiveCfg = Release|Any CPU
		{03B9E5B2-E370-4447-9D26-B9E2B99F4FFF}.Release|Any CPU.Build.0 = Release|Any CPU
		{0C8BA5A4-B88D-49C6-A727-94CDB2E4040B}.Debug|Any CPU.ActiveCfg = Debug|Any CPU
		{0C8BA5A4-B88D-49C6-A727-94CDB2E4040B}.Debug|Any CPU.Build.0 = Debug|Any CPU
		{0C8BA5A4-B88D-49C6-A727-94CDB2E4040B}.Release|Any CPU.ActiveCfg = Release|Any CPU
		{0C8BA5A4-B88D-49C6-A727-94CDB2E4040B}.Release|Any CPU.Build.0 = Release|Any CPU
		{E5BD88E7-5B7A-4404-A850-6DB2328068B4}.Debug|Any CPU.ActiveCfg = Debug|Any CPU
		{E5BD88E7-5B7A-4404-A850-6DB2328068B4}.Debug|Any CPU.Build.0 = Debug|Any CPU
		{E5BD88E7-5B7A-4404-A850-6DB2328068B4}.Release|Any CPU.ActiveCfg = Release|Any CPU
		{E5BD88E7-5B7A-4404-A850-6DB2328068B4}.Release|Any CPU.Build.0 = Release|Any CPU
		{8B5F9CBA-95FB-415C-994D-4F614E51000A}.Debug|Any CPU.ActiveCfg = Debug|Any CPU
		{8B5F9CBA-95FB-415C-994D-4F614E51000A}.Debug|Any CPU.Build.0 = Debug|Any CPU
		{8B5F9CBA-95FB-415C-994D-4F614E51000A}.Release|Any CPU.ActiveCfg = Release|Any CPU
		{8B5F9CBA-95FB-415C-994D-4F614E51000A}.Release|Any CPU.Build.0 = Release|Any CPU
		{6685AAB6-BCDB-4354-A519-4DC8B34D12CB}.Debug|Any CPU.ActiveCfg = Debug|Any CPU
		{6685AAB6-BCDB-4354-A519-4DC8B34D12CB}.Debug|Any CPU.Build.0 = Debug|Any CPU
		{6685AAB6-BCDB-4354-A519-4DC8B34D12CB}.Release|Any CPU.ActiveCfg = Release|Any CPU
		{6685AAB6-BCDB-4354-A519-4DC8B34D12CB}.Release|Any CPU.Build.0 = Release|Any CPU
		{B1B39482-5D50-4EF3-9716-24688F4AFD6A}.Debug|Any CPU.ActiveCfg = Debug|Any CPU
		{B1B39482-5D50-4EF3-9716-24688F4AFD6A}.Debug|Any CPU.Build.0 = Debug|Any CPU
		{B1B39482-5D50-4EF3-9716-24688F4AFD6A}.Release|Any CPU.ActiveCfg = Release|Any CPU
		{B1B39482-5D50-4EF3-9716-24688F4AFD6A}.Release|Any CPU.Build.0 = Release|Any CPU
		{79B71987-C62C-4BDE-8A0E-E0830BD81BD1}.Debug|Any CPU.ActiveCfg = Debug|Any CPU
		{79B71987-C62C-4BDE-8A0E-E0830BD81BD1}.Debug|Any CPU.Build.0 = Debug|Any CPU
		{79B71987-C62C-4BDE-8A0E-E0830BD81BD1}.Release|Any CPU.ActiveCfg = Release|Any CPU
		{79B71987-C62C-4BDE-8A0E-E0830BD81BD1}.Release|Any CPU.Build.0 = Release|Any CPU
		{72690FBC-70B3-41E6-BE91-5C5606B0C1B4}.Debug|Any CPU.ActiveCfg = Debug|Any CPU
		{72690FBC-70B3-41E6-BE91-5C5606B0C1B4}.Debug|Any CPU.Build.0 = Debug|Any CPU
		{72690FBC-70B3-41E6-BE91-5C5606B0C1B4}.Release|Any CPU.ActiveCfg = Release|Any CPU
		{72690FBC-70B3-41E6-BE91-5C5606B0C1B4}.Release|Any CPU.Build.0 = Release|Any CPU
		{E59307FD-3CE2-4F35-AEFA-E929DFEB7F65}.Debug|Any CPU.ActiveCfg = Debug|Any CPU
		{E59307FD-3CE2-4F35-AEFA-E929DFEB7F65}.Debug|Any CPU.Build.0 = Debug|Any CPU
		{E59307FD-3CE2-4F35-AEFA-E929DFEB7F65}.Release|Any CPU.ActiveCfg = Release|Any CPU
		{E59307FD-3CE2-4F35-AEFA-E929DFEB7F65}.Release|Any CPU.Build.0 = Release|Any CPU
		{4EC699C2-C403-4FB4-918E-ADF280E47245}.Debug|Any CPU.ActiveCfg = Debug|Any CPU
		{4EC699C2-C403-4FB4-918E-ADF280E47245}.Debug|Any CPU.Build.0 = Debug|Any CPU
		{4EC699C2-C403-4FB4-918E-ADF280E47245}.Release|Any CPU.ActiveCfg = Release|Any CPU
		{4EC699C2-C403-4FB4-918E-ADF280E47245}.Release|Any CPU.Build.0 = Release|Any CPU
		{AE221F24-BAC9-4367-8C1F-EEDE87840E1E}.Debug|Any CPU.ActiveCfg = Debug|Any CPU
		{AE221F24-BAC9-4367-8C1F-EEDE87840E1E}.Debug|Any CPU.Build.0 = Debug|Any CPU
		{AE221F24-BAC9-4367-8C1F-EEDE87840E1E}.Release|Any CPU.ActiveCfg = Release|Any CPU
		{AE221F24-BAC9-4367-8C1F-EEDE87840E1E}.Release|Any CPU.Build.0 = Release|Any CPU
		{9F44F21C-C4EC-42D9-81B0-98D5A2456A5B}.Debug|Any CPU.ActiveCfg = Debug|Any CPU
		{9F44F21C-C4EC-42D9-81B0-98D5A2456A5B}.Debug|Any CPU.Build.0 = Debug|Any CPU
		{9F44F21C-C4EC-42D9-81B0-98D5A2456A5B}.Release|Any CPU.ActiveCfg = Release|Any CPU
		{9F44F21C-C4EC-42D9-81B0-98D5A2456A5B}.Release|Any CPU.Build.0 = Release|Any CPU
		{7535DBEF-5CBA-4E7A-B72D-C6CFF96F5EBD}.Debug|Any CPU.ActiveCfg = Debug|Any CPU
		{7535DBEF-5CBA-4E7A-B72D-C6CFF96F5EBD}.Debug|Any CPU.Build.0 = Debug|Any CPU
		{7535DBEF-5CBA-4E7A-B72D-C6CFF96F5EBD}.Release|Any CPU.ActiveCfg = Release|Any CPU
		{7535DBEF-5CBA-4E7A-B72D-C6CFF96F5EBD}.Release|Any CPU.Build.0 = Release|Any CPU
	EndGlobalSection
	GlobalSection(SolutionProperties) = preSolution
		HideSolutionNode = FALSE
	EndGlobalSection
	GlobalSection(NestedProjects) = preSolution
		{03B9E5B2-E370-4447-9D26-B9E2B99F4FFF} = {20473F00-C684-49CA-92AB-B5D2CEE12B9D}
		{9C42BBF9-86A5-488D-B99F-D4E05B47DBD0} = {FCDBA824-B82A-4688-BF14-FF866A0B25C3}
		{0C8BA5A4-B88D-49C6-A727-94CDB2E4040B} = {9C42BBF9-86A5-488D-B99F-D4E05B47DBD0}
		{E5BD88E7-5B7A-4404-A850-6DB2328068B4} = {20473F00-C684-49CA-92AB-B5D2CEE12B9D}
		{35407111-1BD1-494E-86E1-B6A986701029} = {FCDBA824-B82A-4688-BF14-FF866A0B25C3}
		{8B5F9CBA-95FB-415C-994D-4F614E51000A} = {35407111-1BD1-494E-86E1-B6A986701029}
		{6685AAB6-BCDB-4354-A519-4DC8B34D12CB} = {20473F00-C684-49CA-92AB-B5D2CEE12B9D}
		{B1B39482-5D50-4EF3-9716-24688F4AFD6A} = {B0E410E9-B0DA-4ECD-A632-5395BD45078C}
		{AEEEE9AB-0177-4011-8AD7-72D786A20151} = {FCDBA824-B82A-4688-BF14-FF866A0B25C3}
		{79B71987-C62C-4BDE-8A0E-E0830BD81BD1} = {AEEEE9AB-0177-4011-8AD7-72D786A20151}
		{72690FBC-70B3-41E6-BE91-5C5606B0C1B4} = {3B514339-AA57-4F82-9E6D-82E8CF645694}
		{E59307FD-3CE2-4F35-AEFA-E929DFEB7F65} = {C0B07BA7-A9AA-42C7-998B-3B94A9865E74}
		{4EC699C2-C403-4FB4-918E-ADF280E47245} = {C0B07BA7-A9AA-42C7-998B-3B94A9865E74}
		{441CDE0D-9472-411D-AC47-34768FD0342E} = {6374B681-D6A6-4E7A-8DF1-DDBE348F9ADA}
		{1AD0B019-3412-475C-BC7E-1479D67D1BE4} = {6374B681-D6A6-4E7A-8DF1-DDBE348F9ADA}
		{AE221F24-BAC9-4367-8C1F-EEDE87840E1E} = {441CDE0D-9472-411D-AC47-34768FD0342E}
		{9F44F21C-C4EC-42D9-81B0-98D5A2456A5B} = {1AD0B019-3412-475C-BC7E-1479D67D1BE4}
		{7535DBEF-5CBA-4E7A-B72D-C6CFF96F5EBD} = {1AD0B019-3412-475C-BC7E-1479D67D1BE4}
	EndGlobalSection
	GlobalSection(ExtensibilityGlobals) = postSolution
		SolutionGuid = {B8132CF7-7C19-457C-8BD0-D7F09DA986EC}
	EndGlobalSection
EndGlobal
